
Microsoft Visual Studio Solution File, Format Version 12.00
# Visual Studio 15
VisualStudioVersion = 15.0.26730.16
MinimumVisualStudioVersion = 10.0.40219.1
Project("{FAE04EC0-301F-11D3-BF4B-00C04F79EFBC}") = "ProductsShop.App", "ProductsShop.App\ProductsShop.App.csproj", "{B1B81754-EBE4-4621-94AA-F9F79BF71688}"
EndProject
Project("{FAE04EC0-301F-11D3-BF4B-00C04F79EFBC}") = "ProductsShop.Models", "ProductsShop.Models\ProductsShop.Models.csproj", "{10D3CBDB-E60E-4FE1-9A08-9CD26A81554E}"
EndProject
Project("{FAE04EC0-301F-11D3-BF4B-00C04F79EFBC}") = "ProductsShop.Data", "ProductsShop.Data\ProductsShop.Data.csproj", "{697544DF-F788-4B87-A8CE-7BD57576AC8F}"
EndProject
Global
	GlobalSection(SolutionConfigurationPlatforms) = preSolution
		Debug|Any CPU = Debug|Any CPU
		Release|Any CPU = Release|Any CPU
	EndGlobalSection
	GlobalSection(ProjectConfigurationPlatforms) = postSolution
		{B1B81754-EBE4-4621-94AA-F9F79BF71688}.Debug|Any CPU.ActiveCfg = Debug|Any CPU
		{B1B81754-EBE4-4621-94AA-F9F79BF71688}.Debug|Any CPU.Build.0 = Debug|Any CPU
		{B1B81754-EBE4-4621-94AA-F9F79BF71688}.Release|Any CPU.ActiveCfg = Release|Any CPU
		{B1B81754-EBE4-4621-94AA-F9F79BF71688}.Release|Any CPU.Build.0 = Release|Any CPU
		{10D3CBDB-E60E-4FE1-9A08-9CD26A81554E}.Debug|Any CPU.ActiveCfg = Debug|Any CPU
		{10D3CBDB-E60E-4FE1-9A08-9CD26A81554E}.Debug|Any CPU.Build.0 = Debug|Any CPU
		{10D3CBDB-E60E-4FE1-9A08-9CD26A81554E}.Release|Any CPU.ActiveCfg = Release|Any CPU
		{10D3CBDB-E60E-4FE1-9A08-9CD26A81554E}.Release|Any CPU.Build.0 = Release|Any CPU
		{697544DF-F788-4B87-A8CE-7BD57576AC8F}.Debug|Any CPU.ActiveCfg = Debug|Any CPU
		{697544DF-F788-4B87-A8CE-7BD57576AC8F}.Debug|Any CPU.Build.0 = Debug|Any CPU
		{697544DF-F788-4B87-A8CE-7BD57576AC8F}.Release|Any CPU.ActiveCfg = Release|Any CPU
		{697544DF-F788-4B87-A8CE-7BD57576AC8F}.Release|Any CPU.Build.0 = Release|Any CPU
	EndGlobalSection
	GlobalSection(SolutionProperties) = preSolution
		HideSolutionNode = FALSE
	EndGlobalSection
	GlobalSection(ExtensibilityGlobals) = postSolution
		SolutionGuid = {A46B5F07-AE1A-4944-BA13-1AFA54AA6AA8}
	EndGlobalSection
EndGlobal
